
Microsoft Visual Studio Solution File, Format Version 12.00
# Visual Studio 15
VisualStudioVersion = 15.0.28010.2048
MinimumVisualStudioVersion = 10.0.40219.1
Project("{2150E333-8FDC-42A3-9474-1A3956D46DE8}") = "Main", "Main", "{36C493F1-83BC-4CB2-9ABB-B633E01ADD75}"
EndProject
Project("{FAE04EC0-301F-11D3-BF4B-00C04F79EFBC}") = "ClickerHost", "ClickerHost\ClickerHost.csproj", "{C8797D83-E7D9-4305-8C45-4782EECB0CC2}"
EndProject
Global
	GlobalSection(SolutionConfigurationPlatforms) = preSolution
		Debug|Any CPU = Debug|Any CPU
		Release|Any CPU = Release|Any CPU
	EndGlobalSection
	GlobalSection(ProjectConfigurationPlatforms) = postSolution
		{C8797D83-E7D9-4305-8C45-4782EECB0CC2}.Debug|Any CPU.ActiveCfg = Debug|Any CPU
		{C8797D83-E7D9-4305-8C45-4782EECB0CC2}.Debug|Any CPU.Build.0 = Debug|Any CPU
		{C8797D83-E7D9-4305-8C45-4782EECB0CC2}.Release|Any CPU.ActiveCfg = Release|Any CPU
		{C8797D83-E7D9-4305-8C45-4782EECB0CC2}.Release|Any CPU.Build.0 = Release|Any CPU
	EndGlobalSection
	GlobalSection(SolutionProperties) = preSolution
		HideSolutionNode = FALSE
	EndGlobalSection
	GlobalSection(NestedProjects) = preSolution
		{C8797D83-E7D9-4305-8C45-4782EECB0CC2} = {36C493F1-83BC-4CB2-9ABB-B633E01ADD75}
	EndGlobalSection
	GlobalSection(ExtensibilityGlobals) = postSolution
		SolutionGuid = {6E71573E-283A-4658-958F-A47B82A0226C}
	EndGlobalSection
EndGlobal
